// !$*UTF8*$!
{
	archiveVersion = 1;
	classes = {
	};
	objectVersion = 56;
	objects = {

/* Begin PBXBuildFile section */
		A0226FC62C6A8A0400D38226 /* AppDelegate.swift in Sources */ = {isa = PBXBuildFile; fileRef = A0226FC52C6A8A0400D38226 /* AppDelegate.swift */; };
		A0226FC82C6A8A0400D38226 /* SceneDelegate.swift in Sources */ = {isa = PBXBuildFile; fileRef = A0226FC72C6A8A0400D38226 /* SceneDelegate.swift */; };
		A0226FCA2C6A8A0400D38226 /* MainViewController.swift in Sources */ = {isa = PBXBuildFile; fileRef = A0226FC92C6A8A0400D38226 /* MainViewController.swift */; };
		A0226FCD2C6A8A0400D38226 /* Base in Resources */ = {isa = PBXBuildFile; fileRef = A0226FCC2C6A8A0400D38226 /* Base */; };
		A0226FCF2C6A8A0600D38226 /* Assets.xcassets in Resources */ = {isa = PBXBuildFile; fileRef = A0226FCE2C6A8A0600D38226 /* Assets.xcassets */; };
		A0226FD22C6A8A0600D38226 /* Base in Resources */ = {isa = PBXBuildFile; fileRef = A0226FD12C6A8A0600D38226 /* Base */; };
		A0226FE52C6A8B2000D38226 /* MainView.swift in Sources */ = {isa = PBXBuildFile; fileRef = A0226FE42C6A8B2000D38226 /* MainView.swift */; };
		A0226FEB2C6A9DE500D38226 /* MainViewCell.swift in Sources */ = {isa = PBXBuildFile; fileRef = A0226FEA2C6A9DE500D38226 /* MainViewCell.swift */; };
		A0226FEF2C6A9E9400D38226 /* ColorModel.swift in Sources */ = {isa = PBXBuildFile; fileRef = A0226FEE2C6A9E9400D38226 /* ColorModel.swift */; };
		A0226FF12C6AA75B00D38226 /* Color.xcassets in Resources */ = {isa = PBXBuildFile; fileRef = A0226FF02C6AA75B00D38226 /* Color.xcassets */; };
		A0226FF32C6AA87D00D38226 /* MockNetworkService.swift in Sources */ = {isa = PBXBuildFile; fileRef = A0226FF22C6AA87D00D38226 /* MockNetworkService.swift */; };
		A0226FF52C6AAC8D00D38226 /* MainProtocols.swift in Sources */ = {isa = PBXBuildFile; fileRef = A0226FF42C6AAC8D00D38226 /* MainProtocols.swift */; };
		A0226FF72C6AAFD900D38226 /* MainViewBuilder.swift in Sources */ = {isa = PBXBuildFile; fileRef = A0226FF62C6AAFD900D38226 /* MainViewBuilder.swift */; };
/* End PBXBuildFile section */

/* Begin PBXFileReference section */
		A0226FC22C6A8A0400D38226 /* MVC.app */ = {isa = PBXFileReference; explicitFileType = wrapper.application; includeInIndex = 0; path = MVC.app; sourceTree = BUILT_PRODUCTS_DIR; };
		A0226FC52C6A8A0400D38226 /* AppDelegate.swift */ = {isa = PBXFileReference; lastKnownFileType = sourcecode.swift; path = AppDelegate.swift; sourceTree = "<group>"; };
		A0226FC72C6A8A0400D38226 /* SceneDelegate.swift */ = {isa = PBXFileReference; lastKnownFileType = sourcecode.swift; path = SceneDelegate.swift; sourceTree = "<group>"; };
		A0226FC92C6A8A0400D38226 /* MainViewController.swift */ = {isa = PBXFileReference; lastKnownFileType = sourcecode.swift; path = MainViewController.swift; sourceTree = "<group>"; };
		A0226FCC2C6A8A0400D38226 /* Base */ = {isa = PBXFileReference; lastKnownFileType = file.storyboard; name = Base; path = Base.lproj/Main.storyboard; sourceTree = "<group>"; };
		A0226FCE2C6A8A0600D38226 /* Assets.xcassets */ = {isa = PBXFileReference; lastKnownFileType = folder.assetcatalog; path = Assets.xcassets; sourceTree = "<group>"; };
		A0226FD12C6A8A0600D38226 /* Base */ = {isa = PBXFileReference; lastKnownFileType = file.storyboard; name = Base; path = Base.lproj/LaunchScreen.storyboard; sourceTree = "<group>"; };
		A0226FD32C6A8A0600D38226 /* Info.plist */ = {isa = PBXFileReference; lastKnownFileType = text.plist.xml; path = Info.plist; sourceTree = "<group>"; };
		A0226FE42C6A8B2000D38226 /* MainView.swift */ = {isa = PBXFileReference; lastKnownFileType = sourcecode.swift; path = MainView.swift; sourceTree = "<group>"; };
		A0226FEA2C6A9DE500D38226 /* MainViewCell.swift */ = {isa = PBXFileReference; lastKnownFileType = sourcecode.swift; path = MainViewCell.swift; sourceTree = "<group>"; };
		A0226FEE2C6A9E9400D38226 /* ColorModel.swift */ = {isa = PBXFileReference; lastKnownFileType = sourcecode.swift; path = ColorModel.swift; sourceTree = "<group>"; };
		A0226FF02C6AA75B00D38226 /* Color.xcassets */ = {isa = PBXFileReference; lastKnownFileType = folder.assetcatalog; path = Color.xcassets; sourceTree = "<group>"; };
		A0226FF22C6AA87D00D38226 /* MockNetworkService.swift */ = {isa = PBXFileReference; lastKnownFileType = sourcecode.swift; path = MockNetworkService.swift; sourceTree = "<group>"; };
		A0226FF42C6AAC8D00D38226 /* MainProtocols.swift */ = {isa = PBXFileReference; lastKnownFileType = sourcecode.swift; path = MainProtocols.swift; sourceTree = "<group>"; };
		A0226FF62C6AAFD900D38226 /* MainViewBuilder.swift */ = {isa = PBXFileReference; lastKnownFileType = sourcecode.swift; path = MainViewBuilder.swift; sourceTree = "<group>"; };
/* End PBXFileReference section */

/* Begin PBXFrameworksBuildPhase section */
		A0226FBF2C6A8A0400D38226 /* Frameworks */ = {
			isa = PBXFrameworksBuildPhase;
			buildActionMask = 2147483647;
			files = (
			);
			runOnlyForDeploymentPostprocessing = 0;
		};
/* End PBXFrameworksBuildPhase section */

/* Begin PBXGroup section */
		A0226FB92C6A8A0400D38226 = {
			isa = PBXGroup;
			children = (
				A0226FC42C6A8A0400D38226 /* MVC */,
				A0226FC32C6A8A0400D38226 /* Products */,
			);
			sourceTree = "<group>";
		};
		A0226FC32C6A8A0400D38226 /* Products */ = {
			isa = PBXGroup;
			children = (
				A0226FC22C6A8A0400D38226 /* MVC.app */,
			);
			name = Products;
			sourceTree = "<group>";
		};
		A0226FC42C6A8A0400D38226 /* MVC */ = {
			isa = PBXGroup;
			children = (
				A0226FED2C6A9E8800D38226 /* Model */,
				A0226FEC2C6A9E7500D38226 /* MockNetworkService */,
				A0226FE62C6A8BC600D38226 /* Extension */,
				A0226FDC2C6A8A4100D38226 /* Helpers */,
				A0226FDB2C6A8A2400D38226 /* Scenes */,
				A0226FD92C6A8A0F00D38226 /* App */,
			);
			path = MVC;
			sourceTree = "<group>";
		};
		A0226FD92C6A8A0F00D38226 /* App */ = {
			isa = PBXGroup;
			children = (
				A0226FC72C6A8A0400D38226 /* SceneDelegate.swift */,
				A0226FC52C6A8A0400D38226 /* AppDelegate.swift */,
			);
			path = App;
			sourceTree = "<group>";
		};
		A0226FDB2C6A8A2400D38226 /* Scenes */ = {
			isa = PBXGroup;
			children = (
				A0226FDE2C6A8A5E00D38226 /* SecondScene */,
				A0226FDD2C6A8A5500D38226 /* MainScene */,
			);
			path = Scenes;
			sourceTree = "<group>";
		};
		A0226FDC2C6A8A4100D38226 /* Helpers */ = {
			isa = PBXGroup;
			children = (
				A0226FCE2C6A8A0600D38226 /* Assets.xcassets */,
				A0226FD02C6A8A0600D38226 /* LaunchScreen.storyboard */,
				A0226FD32C6A8A0600D38226 /* Info.plist */,
				A0226FF02C6AA75B00D38226 /* Color.xcassets */,
			);
			path = Helpers;
			sourceTree = "<group>";
		};
		A0226FDD2C6A8A5500D38226 /* MainScene */ = {
			isa = PBXGroup;
			children = (
				A0226FE92C6A9DDB00D38226 /* Cell */,
				A0226FCB2C6A8A0400D38226 /* Main.storyboard */,
				A0226FC92C6A8A0400D38226 /* MainViewController.swift */,
				A0226FF62C6AAFD900D38226 /* MainViewBuilder.swift */,
				A0226FE42C6A8B2000D38226 /* MainView.swift */,
				A0226FF42C6AAC8D00D38226 /* MainProtocols.swift */,
			);
			path = MainScene;
			sourceTree = "<group>";
		};
		A0226FDE2C6A8A5E00D38226 /* SecondScene */ = {
			isa = PBXGroup;
			children = (
			);
			path = SecondScene;
			sourceTree = "<group>";
		};
		A0226FE62C6A8BC600D38226 /* Extension */ = {
			isa = PBXGroup;
			children = (
			);
			path = Extension;
			sourceTree = "<group>";
		};
		A0226FE92C6A9DDB00D38226 /* Cell */ = {
			isa = PBXGroup;
			children = (
				A0226FEA2C6A9DE500D38226 /* MainViewCell.swift */,
			);
			path = Cell;
			sourceTree = "<group>";
		};
		A0226FEC2C6A9E7500D38226 /* MockNetworkService */ = {
			isa = PBXGroup;
			children = (
				A0226FF22C6AA87D00D38226 /* MockNetworkService.swift */,
			);
			path = MockNetworkService;
			sourceTree = "<group>";
		};
		A0226FED2C6A9E8800D38226 /* Model */ = {
			isa = PBXGroup;
			children = (
				A0226FEE2C6A9E9400D38226 /* ColorModel.swift */,
			);
			path = Model;
			sourceTree = "<group>";
		};
/* End PBXGroup section */

/* Begin PBXNativeTarget section */
		A0226FC12C6A8A0400D38226 /* MVC */ = {
			isa = PBXNativeTarget;
			buildConfigurationList = A0226FD62C6A8A0600D38226 /* Build configuration list for PBXNativeTarget "MVC" */;
			buildPhases = (
				A0226FBE2C6A8A0400D38226 /* Sources */,
				A0226FBF2C6A8A0400D38226 /* Frameworks */,
				A0226FC02C6A8A0400D38226 /* Resources */,
			);
			buildRules = (
			);
			dependencies = (
			);
			name = MVC;
			productName = MVC;
			productReference = A0226FC22C6A8A0400D38226 /* MVC.app */;
			productType = "com.apple.product-type.application";
		};
/* End PBXNativeTarget section */

/* Begin PBXProject section */
		A0226FBA2C6A8A0400D38226 /* Project object */ = {
			isa = PBXProject;
			attributes = {
				BuildIndependentTargetsInParallel = 1;
				LastSwiftUpdateCheck = 1540;
				LastUpgradeCheck = 1540;
				TargetAttributes = {
					A0226FC12C6A8A0400D38226 = {
						CreatedOnToolsVersion = 15.4;
					};
				};
			};
			buildConfigurationList = A0226FBD2C6A8A0400D38226 /* Build configuration list for PBXProject "MVC" */;
			compatibilityVersion = "Xcode 14.0";
			developmentRegion = en;
			hasScannedForEncodings = 0;
			knownRegions = (
				en,
				Base,
			);
			mainGroup = A0226FB92C6A8A0400D38226;
			productRefGroup = A0226FC32C6A8A0400D38226 /* Products */;
			projectDirPath = "";
			projectRoot = "";
			targets = (
				A0226FC12C6A8A0400D38226 /* MVC */,
			);
		};
/* End PBXProject section */

/* Begin PBXResourcesBuildPhase section */
		A0226FC02C6A8A0400D38226 /* Resources */ = {
			isa = PBXResourcesBuildPhase;
			buildActionMask = 2147483647;
			files = (
				A0226FCF2C6A8A0600D38226 /* Assets.xcassets in Resources */,
				A0226FF12C6AA75B00D38226 /* Color.xcassets in Resources */,
				A0226FD22C6A8A0600D38226 /* Base in Resources */,
				A0226FCD2C6A8A0400D38226 /* Base in Resources */,
			);
			runOnlyForDeploymentPostprocessing = 0;
		};
/* End PBXResourcesBuildPhase section */

/* Begin PBXSourcesBuildPhase section */
		A0226FBE2C6A8A0400D38226 /* Sources */ = {
			isa = PBXSourcesBuildPhase;
			buildActionMask = 2147483647;
			files = (
				A0226FF52C6AAC8D00D38226 /* MainProtocols.swift in Sources */,
				A0226FEB2C6A9DE500D38226 /* MainViewCell.swift in Sources */,
				A0226FF72C6AAFD900D38226 /* MainViewBuilder.swift in Sources */,
				A0226FF32C6AA87D00D38226 /* MockNetworkService.swift in Sources */,
				A0226FCA2C6A8A0400D38226 /* MainViewController.swift in Sources */,
				A0226FE52C6A8B2000D38226 /* MainView.swift in Sources */,
				A0226FC62C6A8A0400D38226 /* AppDelegate.swift in Sources */,
				A0226FC82C6A8A0400D38226 /* SceneDelegate.swift in Sources */,
				A0226FEF2C6A9E9400D38226 /* ColorModel.swift in Sources */,
			);
			runOnlyForDeploymentPostprocessing = 0;
		};
/* End PBXSourcesBuildPhase section */

/* Begin PBXVariantGroup section */
		A0226FCB2C6A8A0400D38226 /* Main.storyboard */ = {
			isa = PBXVariantGroup;
			children = (
				A0226FCC2C6A8A0400D38226 /* Base */,
			);
			name = Main.storyboard;
			sourceTree = "<group>";
		};
		A0226FD02C6A8A0600D38226 /* LaunchScreen.storyboard */ = {
			isa = PBXVariantGroup;
			children = (
				A0226FD12C6A8A0600D38226 /* Base */,
			);
			name = LaunchScreen.storyboard;
			sourceTree = "<group>";
		};
/* End PBXVariantGroup section */

/* Begin XCBuildConfiguration section */
		A0226FD42C6A8A0600D38226 /* Debug */ = {
			isa = XCBuildConfiguration;
			buildSettings = {
				ALWAYS_SEARCH_USER_PATHS = NO;
				ASSETCATALOG_COMPILER_GENERATE_SWIFT_ASSET_SYMBOL_EXTENSIONS = YES;
				CLANG_ANALYZER_NONNULL = YES;
				CLANG_ANALYZER_NUMBER_OBJECT_CONVERSION = YES_AGGRESSIVE;
				CLANG_CXX_LANGUAGE_STANDARD = "gnu++20";
				CLANG_ENABLE_MODULES = YES;
				CLANG_ENABLE_OBJC_ARC = YES;
				CLANG_ENABLE_OBJC_WEAK = YES;
				CLANG_WARN_BLOCK_CAPTURE_AUTORELEASING = YES;
				CLANG_WARN_BOOL_CONVERSION = YES;
				CLANG_WARN_COMMA = YES;
				CLANG_WARN_CONSTANT_CONVERSION = YES;
				CLANG_WARN_DEPRECATED_OBJC_IMPLEMENTATIONS = YES;
				CLANG_WARN_DIRECT_OBJC_ISA_USAGE = YES_ERROR;
				CLANG_WARN_DOCUMENTATION_COMMENTS = YES;
				CLANG_WARN_EMPTY_BODY = YES;
				CLANG_WARN_ENUM_CONVERSION = YES;
				CLANG_WARN_INFINITE_RECURSION = YES;
				CLANG_WARN_INT_CONVERSION = YES;
				CLANG_WARN_NON_LITERAL_NULL_CONVERSION = YES;
				CLANG_WARN_OBJC_IMPLICIT_RETAIN_SELF = YES;
				CLANG_WARN_OBJC_LITERAL_CONVERSION = YES;
				CLANG_WARN_OBJC_ROOT_CLASS = YES_ERROR;
				CLANG_WARN_QUOTED_INCLUDE_IN_FRAMEWORK_HEADER = YES;
				CLANG_WARN_RANGE_LOOP_ANALYSIS = YES;
				CLANG_WARN_STRICT_PROTOTYPES = YES;
				CLANG_WARN_SUSPICIOUS_MOVE = YES;
				CLANG_WARN_UNGUARDED_AVAILABILITY = YES_AGGRESSIVE;
				CLANG_WARN_UNREACHABLE_CODE = YES;
				CLANG_WARN__DUPLICATE_METHOD_MATCH = YES;
				COPY_PHASE_STRIP = NO;
				DEBUG_INFORMATION_FORMAT = dwarf;
				ENABLE_STRICT_OBJC_MSGSEND = YES;
				ENABLE_TESTABILITY = YES;
				ENABLE_USER_SCRIPT_SANDBOXING = YES;
				GCC_C_LANGUAGE_STANDARD = gnu17;
				GCC_DYNAMIC_NO_PIC = NO;
				GCC_NO_COMMON_BLOCKS = YES;
				GCC_OPTIMIZATION_LEVEL = 0;
				GCC_PREPROCESSOR_DEFINITIONS = (
					"DEBUG=1",
					"$(inherited)",
				);
				GCC_WARN_64_TO_32_BIT_CONVERSION = YES;
				GCC_WARN_ABOUT_RETURN_TYPE = YES_ERROR;
				GCC_WARN_UNDECLARED_SELECTOR = YES;
				GCC_WARN_UNINITIALIZED_AUTOS = YES_AGGRESSIVE;
				GCC_WARN_UNUSED_FUNCTION = YES;
				GCC_WARN_UNUSED_VARIABLE = YES;
				IPHONEOS_DEPLOYMENT_TARGET = 17.5;
				LOCALIZATION_PREFERS_STRING_CATALOGS = YES;
				MTL_ENABLE_DEBUG_INFO = INCLUDE_SOURCE;
				MTL_FAST_MATH = YES;
				ONLY_ACTIVE_ARCH = YES;
				SDKROOT = iphoneos;
				SWIFT_ACTIVE_COMPILATION_CONDITIONS = "DEBUG $(inherited)";
				SWIFT_OPTIMIZATION_LEVEL = "-Onone";
			};
			name = Debug;
		};
		A0226FD52C6A8A0600D38226 /* Release */ = {
			isa = XCBuildConfiguration;
			buildSettings = {
				ALWAYS_SEARCH_USER_PATHS = NO;
				ASSETCATALOG_COMPILER_GENERATE_SWIFT_ASSET_SYMBOL_EXTENSIONS = YES;
				CLANG_ANALYZER_NONNULL = YES;
				CLANG_ANALYZER_NUMBER_OBJECT_CONVERSION = YES_AGGRESSIVE;
				CLANG_CXX_LANGUAGE_STANDARD = "gnu++20";
				CLANG_ENABLE_MODULES = YES;
				CLANG_ENABLE_OBJC_ARC = YES;
				CLANG_ENABLE_OBJC_WEAK = YES;
				CLANG_WARN_BLOCK_CAPTURE_AUTORELEASING = YES;
				CLANG_WARN_BOOL_CONVERSION = YES;
				CLANG_WARN_COMMA = YES;
				CLANG_WARN_CONSTANT_CONVERSION = YES;
				CLANG_WARN_DEPRECATED_OBJC_IMPLEMENTATIONS = YES;
				CLANG_WARN_DIRECT_OBJC_ISA_USAGE = YES_ERROR;
				CLANG_WARN_DOCUMENTATION_COMMENTS = YES;
				CLANG_WARN_EMPTY_BODY = YES;
				CLANG_WARN_ENUM_CONVERSION = YES;
				CLANG_WARN_INFINITE_RECURSION = YES;
				CLANG_WARN_INT_CONVERSION = YES;
				CLANG_WARN_NON_LITERAL_NULL_CONVERSION = YES;
				CLANG_WARN_OBJC_IMPLICIT_RETAIN_SELF = YES;
				CLANG_WARN_OBJC_LITERAL_CONVERSION = YES;
				CLANG_WARN_OBJC_ROOT_CLASS = YES_ERROR;
				CLANG_WARN_QUOTED_INCLUDE_IN_FRAMEWORK_HEADER = YES;
				CLANG_WARN_RANGE_LOOP_ANALYSIS = YES;
				CLANG_WARN_STRICT_PROTOTYPES = YES;
				CLANG_WARN_SUSPICIOUS_MOVE = YES;
				CLANG_WARN_UNGUARDED_AVAILABILITY = YES_AGGRESSIVE;
				CLANG_WARN_UNREACHABLE_CODE = YES;
				CLANG_WARN__DUPLICATE_METHOD_MATCH = YES;
				COPY_PHASE_STRIP = NO;
				DEBUG_INFORMATION_FORMAT = "dwarf-with-dsym";
				ENABLE_NS_ASSERTIONS = NO;
				ENABLE_STRICT_OBJC_MSGSEND = YES;
				ENABLE_USER_SCRIPT_SANDBOXING = YES;
				GCC_C_LANGUAGE_STANDARD = gnu17;
				GCC_NO_COMMON_BLOCKS = YES;
				GCC_WARN_64_TO_32_BIT_CONVERSION = YES;
				GCC_WARN_ABOUT_RETURN_TYPE = YES_ERROR;
				GCC_WARN_UNDECLARED_SELECTOR = YES;
				GCC_WARN_UNINITIALIZED_AUTOS = YES_AGGRESSIVE;
				GCC_WARN_UNUSED_FUNCTION = YES;
				GCC_WARN_UNUSED_VARIABLE = YES;
				IPHONEOS_DEPLOYMENT_TARGET = 17.5;
				LOCALIZATION_PREFERS_STRING_CATALOGS = YES;
				MTL_ENABLE_DEBUG_INFO = NO;
				MTL_FAST_MATH = YES;
				SDKROOT = iphoneos;
				SWIFT_COMPILATION_MODE = wholemodule;
				VALIDATE_PRODUCT = YES;
			};
			name = Release;
		};
		A0226FD72C6A8A0600D38226 /* Debug */ = {
			isa = XCBuildConfiguration;
			buildSettings = {
				ASSETCATALOG_COMPILER_APPICON_NAME = AppIcon;
				ASSETCATALOG_COMPILER_GLOBAL_ACCENT_COLOR_NAME = AccentColor;
				CODE_SIGN_STYLE = Automatic;
				CURRENT_PROJECT_VERSION = 1;
				DEVELOPMENT_TEAM = L3BFY9Y29C;
				GENERATE_INFOPLIST_FILE = YES;
				INFOPLIST_FILE = MVC/Helpers/Info.plist;
				INFOPLIST_KEY_UIApplicationSupportsIndirectInputEvents = YES;
				INFOPLIST_KEY_UILaunchStoryboardName = LaunchScreen;
				INFOPLIST_KEY_UIMainStoryboardFile = Main;
				INFOPLIST_KEY_UISupportedInterfaceOrientations_iPad = "UIInterfaceOrientationPortrait UIInterfaceOrientationPortraitUpsideDown UIInterfaceOrientationLandscapeLeft UIInterfaceOrientationLandscapeRight";
				INFOPLIST_KEY_UISupportedInterfaceOrientations_iPhone = "UIInterfaceOrientationPortrait UIInterfaceOrientationLandscapeLeft UIInterfaceOrientationLandscapeRight";
				LD_RUNPATH_SEARCH_PATHS = (
					"$(inherited)",
					"@executable_path/Frameworks",
				);
				MARKETING_VERSION = 1.0;
				PRODUCT_BUNDLE_IDENTIFIER = com.mfd.project.MVC;
				PRODUCT_NAME = "$(TARGET_NAME)";
				SWIFT_EMIT_LOC_STRINGS = YES;
				SWIFT_VERSION = 5.0;
				TARGETED_DEVICE_FAMILY = "1,2";
			};
			name = Debug;
		};
		A0226FD82C6A8A0600D38226 /* Release */ = {
			isa = XCBuildConfiguration;
			buildSettings = {
				ASSETCATALOG_COMPILER_APPICON_NAME = AppIcon;
				ASSETCATALOG_COMPILER_GLOBAL_ACCENT_COLOR_NAME = AccentColor;
				CODE_SIGN_STYLE = Automatic;
				CURRENT_PROJECT_VERSION = 1;
				DEVELOPMENT_TEAM = L3BFY9Y29C;
				GENERATE_INFOPLIST_FILE = YES;
				INFOPLIST_FILE = MVC/Helpers/Info.plist;
				INFOPLIST_KEY_UIApplicationSupportsIndirectInputEvents = YES;
				INFOPLIST_KEY_UILaunchStoryboardName = LaunchScreen;
				INFOPLIST_KEY_UIMainStoryboardFile = Main;
				INFOPLIST_KEY_UISupportedInterfaceOrientations_iPad = "UIInterfaceOrientationPortrait UIInterfaceOrientationPortraitUpsideDown UIInterfaceOrientationLandscapeLeft UIInterfaceOrientationLandscapeRight";
				INFOPLIST_KEY_UISupportedInterfaceOrientations_iPhone = "UIInterfaceOrientationPortrait UIInterfaceOrientationLandscapeLeft UIInterfaceOrientationLandscapeRight";
				LD_RUNPATH_SEARCH_PATHS = (
					"$(inherited)",
					"@executable_path/Frameworks",
				);
				MARKETING_VERSION = 1.0;
				PRODUCT_BUNDLE_IDENTIFIER = com.mfd.project.MVC;
				PRODUCT_NAME = "$(TARGET_NAME)";
				SWIFT_EMIT_LOC_STRINGS = YES;
				SWIFT_VERSION = 5.0;
				TARGETED_DEVICE_FAMILY = "1,2";
			};
			name = Release;
		};
/* End XCBuildConfiguration section */

/* Begin XCConfigurationList section */
		A0226FBD2C6A8A0400D38226 /* Build configuration list for PBXProject "MVC" */ = {
			isa = XCConfigurationList;
			buildConfigurations = (
				A0226FD42C6A8A0600D38226 /* Debug */,
				A0226FD52C6A8A0600D38226 /* Release */,
			);
			defaultConfigurationIsVisible = 0;
			defaultConfigurationName = Release;
		};
		A0226FD62C6A8A0600D38226 /* Build configuration list for PBXNativeTarget "MVC" */ = {
			isa = XCConfigurationList;
			buildConfigurations = (
				A0226FD72C6A8A0600D38226 /* Debug */,
				A0226FD82C6A8A0600D38226 /* Release */,
			);
			defaultConfigurationIsVisible = 0;
			defaultConfigurationName = Release;
		};
/* End XCConfigurationList section */
	};
	rootObject = A0226FBA2C6A8A0400D38226 /* Project object */;
}
